// !$*UTF8*$!
{
	archiveVersion = 1;
	classes = {
	};
	objectVersion = 50;
	objects = {

/* Begin PBXBuildFile section */
		E03DFE0B21704D74007985E4 /* AppDelegate.m in Sources */ = {isa = PBXBuildFile; fileRef = E03DFE0A21704D74007985E4 /* AppDelegate.m */; };
		E03DFE0E21704D74007985E4 /* ViewController.m in Sources */ = {isa = PBXBuildFile; fileRef = E03DFE0D21704D74007985E4 /* ViewController.m */; };
		E03DFE1121704D74007985E4 /* Main.storyboard in Resources */ = {isa = PBXBuildFile; fileRef = E03DFE0F21704D74007985E4 /* Main.storyboard */; };
		E03DFE1321704D76007985E4 /* Assets.xcassets in Resources */ = {isa = PBXBuildFile; fileRef = E03DFE1221704D76007985E4 /* Assets.xcassets */; };
		E03DFE1621704D76007985E4 /* LaunchScreen.storyboard in Resources */ = {isa = PBXBuildFile; fileRef = E03DFE1421704D76007985E4 /* LaunchScreen.storyboard */; };
		E03DFE1921704D76007985E4 /* main.m in Sources */ = {isa = PBXBuildFile; fileRef = E03DFE1821704D76007985E4 /* main.m */; };
		E03DFE2321704D76007985E4 /* Listing10_6Tests.m in Sources */ = {isa = PBXBuildFile; fileRef = E03DFE2221704D76007985E4 /* Listing10_6Tests.m */; };
		E03DFE2E21704D76007985E4 /* Listing10_6UITests.m in Sources */ = {isa = PBXBuildFile; fileRef = E03DFE2D21704D76007985E4 /* Listing10_6UITests.m */; };
/* End PBXBuildFile section */

/* Begin PBXContainerItemProxy section */
		E03DFE1F21704D76007985E4 /* PBXContainerItemProxy */ = {
			isa = PBXContainerItemProxy;
			containerPortal = E03DFDFE21704D74007985E4 /* Project object */;
			proxyType = 1;
			remoteGlobalIDString = E03DFE0521704D74007985E4;
			remoteInfo = Listing10.6;
		};
		E03DFE2A21704D76007985E4 /* PBXContainerItemProxy */ = {
			isa = PBXContainerItemProxy;
			containerPortal = E03DFDFE21704D74007985E4 /* Project object */;
			proxyType = 1;
			remoteGlobalIDString = E03DFE0521704D74007985E4;
			remoteInfo = Listing10.6;
		};
/* End PBXContainerItemProxy section */

/* Begin PBXFileReference section */
		E03DFE0621704D74007985E4 /* Listing10.6.app */ = {isa = PBXFileReference; explicitFileType = wrapper.application; includeInIndex = 0; path = Listing10.6.app; sourceTree = BUILT_PRODUCTS_DIR; };
		E03DFE0921704D74007985E4 /* AppDelegate.h */ = {isa = PBXFileReference; lastKnownFileType = sourcecode.c.h; path = AppDelegate.h; sourceTree = "<group>"; };
		E03DFE0A21704D74007985E4 /* AppDelegate.m */ = {isa = PBXFileReference; lastKnownFileType = sourcecode.c.objc; path = AppDelegate.m; sourceTree = "<group>"; };
		E03DFE0C21704D74007985E4 /* ViewController.h */ = {isa = PBXFileReference; lastKnownFileType = sourcecode.c.h; path = ViewController.h; sourceTree = "<group>"; };
		E03DFE0D21704D74007985E4 /* ViewController.m */ = {isa = PBXFileReference; lastKnownFileType = sourcecode.c.objc; path = ViewController.m; sourceTree = "<group>"; };
		E03DFE1021704D74007985E4 /* Base */ = {isa = PBXFileReference; lastKnownFileType = file.storyboard; name = Base; path = Base.lproj/Main.storyboard; sourceTree = "<group>"; };
		E03DFE1221704D76007985E4 /* Assets.xcassets */ = {isa = PBXFileReference; lastKnownFileType = folder.assetcatalog; path = Assets.xcassets; sourceTree = "<group>"; };
		E03DFE1521704D76007985E4 /* Base */ = {isa = PBXFileReference; lastKnownFileType = file.storyboard; name = Base; path = Base.lproj/LaunchScreen.storyboard; sourceTree = "<group>"; };
		E03DFE1721704D76007985E4 /* Info.plist */ = {isa = PBXFileReference; lastKnownFileType = text.plist.xml; path = Info.plist; sourceTree = "<group>"; };
		E03DFE1821704D76007985E4 /* main.m */ = {isa = PBXFileReference; lastKnownFileType = sourcecode.c.objc; path = main.m; sourceTree = "<group>"; };
		E03DFE1E21704D76007985E4 /* Listing10.6Tests.xctest */ = {isa = PBXFileReference; explicitFileType = wrapper.cfbundle; includeInIndex = 0; path = Listing10.6Tests.xctest; sourceTree = BUILT_PRODUCTS_DIR; };
		E03DFE2221704D76007985E4 /* Listing10_6Tests.m */ = {isa = PBXFileReference; lastKnownFileType = sourcecode.c.objc; path = Listing10_6Tests.m; sourceTree = "<group>"; };
		E03DFE2421704D76007985E4 /* Info.plist */ = {isa = PBXFileReference; lastKnownFileType = text.plist.xml; path = Info.plist; sourceTree = "<group>"; };
		E03DFE2921704D76007985E4 /* Listing10.6UITests.xctest */ = {isa = PBXFileReference; explicitFileType = wrapper.cfbundle; includeInIndex = 0; path = Listing10.6UITests.xctest; sourceTree = BUILT_PRODUCTS_DIR; };
		E03DFE2D21704D76007985E4 /* Listing10_6UITests.m */ = {isa = PBXFileReference; lastKnownFileType = sourcecode.c.objc; path = Listing10_6UITests.m; sourceTree = "<group>"; };
		E03DFE2F21704D76007985E4 /* Info.plist */ = {isa = PBXFileReference; lastKnownFileType = text.plist.xml; path = Info.plist; sourceTree = "<group>"; };
/* End PBXFileReference section */

/* Begin PBXFrameworksBuildPhase section */
		E03DFE0321704D74007985E4 /* Frameworks */ = {
			isa = PBXFrameworksBuildPhase;
			buildActionMask = 2147483647;
			files = (
			);
			runOnlyForDeploymentPostprocessing = 0;
		};
		E03DFE1B21704D76007985E4 /* Frameworks */ = {
			isa = PBXFrameworksBuildPhase;
			buildActionMask = 2147483647;
			files = (
			);
			runOnlyForDeploymentPostprocessing = 0;
		};
		E03DFE2621704D76007985E4 /* Frameworks */ = {
			isa = PBXFrameworksBuildPhase;
			buildActionMask = 2147483647;
			files = (
			);
			runOnlyForDeploymentPostprocessing = 0;
		};
/* End PBXFrameworksBuildPhase section */

/* Begin PBXGroup section */
		E03DFDFD21704D74007985E4 = {
			isa = PBXGroup;
			children = (
				E03DFE0821704D74007985E4 /* Listing10.6 */,
				E03DFE2121704D76007985E4 /* Listing10.6Tests */,
				E03DFE2C21704D76007985E4 /* Listing10.6UITests */,
				E03DFE0721704D74007985E4 /* Products */,
			);
			sourceTree = "<group>";
		};
		E03DFE0721704D74007985E4 /* Products */ = {
			isa = PBXGroup;
			children = (
				E03DFE0621704D74007985E4 /* Listing10.6.app */,
				E03DFE1E21704D76007985E4 /* Listing10.6Tests.xctest */,
				E03DFE2921704D76007985E4 /* Listing10.6UITests.xctest */,
			);
			name = Products;
			sourceTree = "<group>";
		};
		E03DFE0821704D74007985E4 /* Listing10.6 */ = {
			isa = PBXGroup;
			children = (
				E03DFE0921704D74007985E4 /* AppDelegate.h */,
				E03DFE0A21704D74007985E4 /* AppDelegate.m */,
				E03DFE0C21704D74007985E4 /* ViewController.h */,
				E03DFE0D21704D74007985E4 /* ViewController.m */,
				E03DFE0F21704D74007985E4 /* Main.storyboard */,
				E03DFE1221704D76007985E4 /* Assets.xcassets */,
				E03DFE1421704D76007985E4 /* LaunchScreen.storyboard */,
				E03DFE1721704D76007985E4 /* Info.plist */,
				E03DFE1821704D76007985E4 /* main.m */,
			);
			path = Listing10.6;
			sourceTree = "<group>";
		};
		E03DFE2121704D76007985E4 /* Listing10.6Tests */ = {
			isa = PBXGroup;
			children = (
				E03DFE2221704D76007985E4 /* Listing10_6Tests.m */,
				E03DFE2421704D76007985E4 /* Info.plist */,
			);
			path = Listing10.6Tests;
			sourceTree = "<group>";
		};
		E03DFE2C21704D76007985E4 /* Listing10.6UITests */ = {
			isa = PBXGroup;
			children = (
				E03DFE2D21704D76007985E4 /* Listing10_6UITests.m */,
				E03DFE2F21704D76007985E4 /* Info.plist */,
			);
			path = Listing10.6UITests;
			sourceTree = "<group>";
		};
/* End PBXGroup section */

/* Begin PBXNativeTarget section */
		E03DFE0521704D74007985E4 /* Listing10.6 */ = {
			isa = PBXNativeTarget;
			buildConfigurationList = E03DFE3221704D76007985E4 /* Build configuration list for PBXNativeTarget "Listing10.6" */;
			buildPhases = (
				E03DFE0221704D74007985E4 /* Sources */,
				E03DFE0321704D74007985E4 /* Frameworks */,
				E03DFE0421704D74007985E4 /* Resources */,
			);
			buildRules = (
			);
			dependencies = (
			);
			name = Listing10.6;
			productName = Listing10.6;
			productReference = E03DFE0621704D74007985E4 /* Listing10.6.app */;
			productType = "com.apple.product-type.application";
		};
		E03DFE1D21704D76007985E4 /* Listing10.6Tests */ = {
			isa = PBXNativeTarget;
			buildConfigurationList = E03DFE3521704D76007985E4 /* Build configuration list for PBXNativeTarget "Listing10.6Tests" */;
			buildPhases = (
				E03DFE1A21704D76007985E4 /* Sources */,
				E03DFE1B21704D76007985E4 /* Frameworks */,
				E03DFE1C21704D76007985E4 /* Resources */,
			);
			buildRules = (
			);
			dependencies = (
				E03DFE2021704D76007985E4 /* PBXTargetDependency */,
			);
			name = Listing10.6Tests;
			productName = Listing10.6Tests;
			productReference = E03DFE1E21704D76007985E4 /* Listing10.6Tests.xctest */;
			productType = "com.apple.product-type.bundle.unit-test";
		};
		E03DFE2821704D76007985E4 /* Listing10.6UITests */ = {
			isa = PBXNativeTarget;
			buildConfigurationList = E03DFE3821704D76007985E4 /* Build configuration list for PBXNativeTarget "Listing10.6UITests" */;
			buildPhases = (
				E03DFE2521704D76007985E4 /* Sources */,
				E03DFE2621704D76007985E4 /* Frameworks */,
				E03DFE2721704D76007985E4 /* Resources */,
			);
			buildRules = (
			);
			dependencies = (
				E03DFE2B21704D76007985E4 /* PBXTargetDependency */,
			);
			name = Listing10.6UITests;
			productName = Listing10.6UITests;
			productReference = E03DFE2921704D76007985E4 /* Listing10.6UITests.xctest */;
			productType = "com.apple.product-type.bundle.ui-testing";
		};
/* End PBXNativeTarget section */

/* Begin PBXProject section */
		E03DFDFE21704D74007985E4 /* Project object */ = {
			isa = PBXProject;
			attributes = {
				LastUpgradeCheck = 1000;
				ORGANIZATIONNAME = wangyuan;
				TargetAttributes = {
					E03DFE0521704D74007985E4 = {
						CreatedOnToolsVersion = 10.0;
					};
					E03DFE1D21704D76007985E4 = {
						CreatedOnToolsVersion = 10.0;
						TestTargetID = E03DFE0521704D74007985E4;
					};
					E03DFE2821704D76007985E4 = {
						CreatedOnToolsVersion = 10.0;
						TestTargetID = E03DFE0521704D74007985E4;
					};
				};
			};
			buildConfigurationList = E03DFE0121704D74007985E4 /* Build configuration list for PBXProject "Listing10.6" */;
			compatibilityVersion = "Xcode 9.3";
			developmentRegion = en;
			hasScannedForEncodings = 0;
			knownRegions = (
				en,
				Base,
			);
			mainGroup = E03DFDFD21704D74007985E4;
			productRefGroup = E03DFE0721704D74007985E4 /* Products */;
			projectDirPath = "";
			projectRoot = "";
			targets = (
				E03DFE0521704D74007985E4 /* Listing10.6 */,
				E03DFE1D21704D76007985E4 /* Listing10.6Tests */,
				E03DFE2821704D76007985E4 /* Listing10.6UITests */,
			);
		};
/* End PBXProject section */

/* Begin PBXResourcesBuildPhase section */
		E03DFE0421704D74007985E4 /* Resources */ = {
			isa = PBXResourcesBuildPhase;
			buildActionMask = 2147483647;
			files = (
				E03DFE1621704D76007985E4 /* LaunchScreen.storyboard in Resources */,
				E03DFE1321704D76007985E4 /* Assets.xcassets in Resources */,
				E03DFE1121704D74007985E4 /* Main.storyboard in Resources */,
			);
			runOnlyForDeploymentPostprocessing = 0;
		};
		E03DFE1C21704D76007985E4 /* Resources */ = {
			isa = PBXResourcesBuildPhase;
			buildActionMask = 2147483647;
			files = (
			);
			runOnlyForDeploymentPostprocessing = 0;
		};
		E03DFE2721704D76007985E4 /* Resources */ = {
			isa = PBXResourcesBuildPhase;
			buildActionMask = 2147483647;
			files = (
			);
			runOnlyForDeploymentPostprocessing = 0;
		};
/* End PBXResourcesBuildPhase section */

/* Begin PBXSourcesBuildPhase section */
		E03DFE0221704D74007985E4 /* Sources */ = {
			isa = PBXSourcesBuildPhase;
			buildActionMask = 2147483647;
			files = (
				E03DFE0E21704D74007985E4 /* ViewController.m in Sources */,
				E03DFE1921704D76007985E4 /* main.m in Sources */,
				E03DFE0B21704D74007985E4 /* AppDelegate.m in Sources */,
			);
			runOnlyForDeploymentPostprocessing = 0;
		};
		E03DFE1A21704D76007985E4 /* Sources */ = {
			isa = PBXSourcesBuildPhase;
			buildActionMask = 2147483647;
			files = (
				E03DFE2321704D76007985E4 /* Listing10_6Tests.m in Sources */,
			);
			runOnlyForDeploymentPostprocessing = 0;
		};
		E03DFE2521704D76007985E4 /* Sources */ = {
			isa = PBXSourcesBuildPhase;
			buildActionMask = 2147483647;
			files = (
				E03DFE2E21704D76007985E4 /* Listing10_6UITests.m in Sources */,
			);
			runOnlyForDeploymentPostprocessing = 0;
		};
/* End PBXSourcesBuildPhase section */

/* Begin PBXTargetDependency section */
		E03DFE2021704D76007985E4 /* PBXTargetDependency */ = {
			isa = PBXTargetDependency;
			target = E03DFE0521704D74007985E4 /* Listing10.6 */;
			targetProxy = E03DFE1F21704D76007985E4 /* PBXContainerItemProxy */;
		};
		E03DFE2B21704D76007985E4 /* PBXTargetDependency */ = {
			isa = PBXTargetDependency;
			target = E03DFE0521704D74007985E4 /* Listing10.6 */;
			targetProxy = E03DFE2A21704D76007985E4 /* PBXContainerItemProxy */;
		};
/* End PBXTargetDependency section */

/* Begin PBXVariantGroup section */
		E03DFE0F21704D74007985E4 /* Main.storyboard */ = {
			isa = PBXVariantGroup;
			children = (
				E03DFE1021704D74007985E4 /* Base */,
			);
			name = Main.storyboard;
			sourceTree = "<group>";
		};
		E03DFE1421704D76007985E4 /* LaunchScreen.storyboard */ = {
			isa = PBXVariantGroup;
			children = (
				E03DFE1521704D76007985E4 /* Base */,
			);
			name = LaunchScreen.storyboard;
			sourceTree = "<group>";
		};
/* End PBXVariantGroup section */

/* Begin XCBuildConfiguration section */
		E03DFE3021704D76007985E4 /* Debug */ = {
			isa = XCBuildConfiguration;
			buildSettings = {
				ALWAYS_SEARCH_USER_PATHS = NO;
				CLANG_ANALYZER_NONNULL = YES;
				CLANG_ANALYZER_NUMBER_OBJECT_CONVERSION = YES_AGGRESSIVE;
				CLANG_CXX_LANGUAGE_STANDARD = "gnu++14";
				CLANG_CXX_LIBRARY = "libc++";
				CLANG_ENABLE_MODULES = YES;
				CLANG_ENABLE_OBJC_ARC = YES;
				CLANG_ENABLE_OBJC_WEAK = YES;
				CLANG_WARN_BLOCK_CAPTURE_AUTORELEASING = YES;
				CLANG_WARN_BOOL_CONVERSION = YES;
				CLANG_WARN_COMMA = YES;
				CLANG_WARN_CONSTANT_CONVERSION = YES;
				CLANG_WARN_DEPRECATED_OBJC_IMPLEMENTATIONS = YES;
				CLANG_WARN_DIRECT_OBJC_ISA_USAGE = YES_ERROR;
				CLANG_WARN_DOCUMENTATION_COMMENTS = YES;
				CLANG_WARN_EMPTY_BODY = YES;
				CLANG_WARN_ENUM_CONVERSION = YES;
				CLANG_WARN_INFINITE_RECURSION = YES;
				CLANG_WARN_INT_CONVERSION = YES;
				CLANG_WARN_NON_LITERAL_NULL_CONVERSION = YES;
				CLANG_WARN_OBJC_IMPLICIT_RETAIN_SELF = YES;
				CLANG_WARN_OBJC_LITERAL_CONVERSION = YES;
				CLANG_WARN_OBJC_ROOT_CLASS = YES_ERROR;
				CLANG_WARN_RANGE_LOOP_ANALYSIS = YES;
				CLANG_WARN_STRICT_PROTOTYPES = YES;
				CLANG_WARN_SUSPICIOUS_MOVE = YES;
				CLANG_WARN_UNGUARDED_AVAILABILITY = YES_AGGRESSIVE;
				CLANG_WARN_UNREACHABLE_CODE = YES;
				CLANG_WARN__DUPLICATE_METHOD_MATCH = YES;
				CODE_SIGN_IDENTITY = "iPhone Developer";
				COPY_PHASE_STRIP = NO;
				DEBUG_INFORMATION_FORMAT = dwarf;
				ENABLE_STRICT_OBJC_MSGSEND = YES;
				ENABLE_TESTABILITY = YES;
				GCC_C_LANGUAGE_STANDARD = gnu11;
				GCC_DYNAMIC_NO_PIC = NO;
				GCC_NO_COMMON_BLOCKS = YES;
				GCC_OPTIMIZATION_LEVEL = 0;
				GCC_PREPROCESSOR_DEFINITIONS = (
					"DEBUG=1",
					"$(inherited)",
				);
				GCC_WARN_64_TO_32_BIT_CONVERSION = YES;
				GCC_WARN_ABOUT_RETURN_TYPE = YES_ERROR;
				GCC_WARN_UNDECLARED_SELECTOR = YES;
				GCC_WARN_UNINITIALIZED_AUTOS = YES_AGGRESSIVE;
				GCC_WARN_UNUSED_FUNCTION = YES;
				GCC_WARN_UNUSED_VARIABLE = YES;
				IPHONEOS_DEPLOYMENT_TARGET = 12.0;
				MTL_ENABLE_DEBUG_INFO = INCLUDE_SOURCE;
				MTL_FAST_MATH = YES;
				ONLY_ACTIVE_ARCH = YES;
				SDKROOT = iphoneos;
			};
			name = Debug;
		};
		E03DFE3121704D76007985E4 /* Release */ = {
			isa = XCBuildConfiguration;
			buildSettings = {
				ALWAYS_SEARCH_USER_PATHS = NO;
				CLANG_ANALYZER_NONNULL = YES;
				CLANG_ANALYZER_NUMBER_OBJECT_CONVERSION = YES_AGGRESSIVE;
				CLANG_CXX_LANGUAGE_STANDARD = "gnu++14";
				CLANG_CXX_LIBRARY = "libc++";
				CLANG_ENABLE_MODULES = YES;
				CLANG_ENABLE_OBJC_ARC = YES;
				CLANG_ENABLE_OBJC_WEAK = YES;
				CLANG_WARN_BLOCK_CAPTURE_AUTORELEASING = YES;
				CLANG_WARN_BOOL_CONVERSION = YES;
				CLANG_WARN_COMMA = YES;
				CLANG_WARN_CONSTANT_CONVERSION = YES;
				CLANG_WARN_DEPRECATED_OBJC_IMPLEMENTATIONS = YES;
				CLANG_WARN_DIRECT_OBJC_ISA_USAGE = YES_ERROR;
				CLANG_WARN_DOCUMENTATION_COMMENTS = YES;
				CLANG_WARN_EMPTY_BODY = YES;
				CLANG_WARN_ENUM_CONVERSION = YES;
				CLANG_WARN_INFINITE_RECURSION = YES;
				CLANG_WARN_INT_CONVERSION = YES;
				CLANG_WARN_NON_LITERAL_NULL_CONVERSION = YES;
				CLANG_WARN_OBJC_IMPLICIT_RETAIN_SELF = YES;
				CLANG_WARN_OBJC_LITERAL_CONVERSION = YES;
				CLANG_WARN_OBJC_ROOT_CLASS = YES_ERROR;
				CLANG_WARN_RANGE_LOOP_ANALYSIS = YES;
				CLANG_WARN_STRICT_PROTOTYPES = YES;
				CLANG_WARN_SUSPICIOUS_MOVE = YES;
				CLANG_WARN_UNGUARDED_AVAILABILITY = YES_AGGRESSIVE;
				CLANG_WARN_UNREACHABLE_CODE = YES;
				CLANG_WARN__DUPLICATE_METHOD_MATCH = YES;
				CODE_SIGN_IDENTITY = "iPhone Developer";
				COPY_PHASE_STRIP = NO;
				DEBUG_INFORMATION_FORMAT = "dwarf-with-dsym";
				ENABLE_NS_ASSERTIONS = NO;
				ENABLE_STRICT_OBJC_MSGSEND = YES;
				GCC_C_LANGUAGE_STANDARD = gnu11;
				GCC_NO_COMMON_BLOCKS = YES;
				GCC_WARN_64_TO_32_BIT_CONVERSION = YES;
				GCC_WARN_ABOUT_RETURN_TYPE = YES_ERROR;
				GCC_WARN_UNDECLARED_SELECTOR = YES;
				GCC_WARN_UNINITIALIZED_AUTOS = YES_AGGRESSIVE;
				GCC_WARN_UNUSED_FUNCTION = YES;
				GCC_WARN_UNUSED_VARIABLE = YES;
				IPHONEOS_DEPLOYMENT_TARGET = 12.0;
				MTL_ENABLE_DEBUG_INFO = NO;
				MTL_FAST_MATH = YES;
				SDKROOT = iphoneos;
				VALIDATE_PRODUCT = YES;
			};
			name = Release;
		};
		E03DFE3321704D76007985E4 /* Debug */ = {
			isa = XCBuildConfiguration;
			buildSettings = {
				ASSETCATALOG_COMPILER_APPICON_NAME = AppIcon;
				CODE_SIGN_STYLE = Automatic;
				DEVELOPMENT_TEAM = 7C2JFD9GT2;
				INFOPLIST_FILE = Listing10.6/Info.plist;
				LD_RUNPATH_SEARCH_PATHS = (
					"$(inherited)",
					"@executable_path/Frameworks",
				);
				PRODUCT_BUNDLE_IDENTIFIER = "com.Life.Listing10-6";
				PRODUCT_NAME = "$(TARGET_NAME)";
				TARGETED_DEVICE_FAMILY = "1,2";
			};
			name = Debug;
		};
		E03DFE3421704D76007985E4 /* Release */ = {
			isa = XCBuildConfiguration;
			buildSettings = {
				ASSETCATALOG_COMPILER_APPICON_NAME = AppIcon;
				CODE_SIGN_STYLE = Automatic;
				DEVELOPMENT_TEAM = 7C2JFD9GT2;
				INFOPLIST_FILE = Listing10.6/Info.plist;
				LD_RUNPATH_SEARCH_PATHS = (
					"$(inherited)",
					"@executable_path/Frameworks",
				);
				PRODUCT_BUNDLE_IDENTIFIER = "com.Life.Listing10-6";
				PRODUCT_NAME = "$(TARGET_NAME)";
				TARGETED_DEVICE_FAMILY = "1,2";
			};
			name = Release;
		};
		E03DFE3621704D76007985E4 /* Debug */ = {
			isa = XCBuildConfiguration;
			buildSettings = {
				BUNDLE_LOADER = "$(TEST_HOST)";
				CODE_SIGN_STYLE = Automatic;
				DEVELOPMENT_TEAM = 7C2JFD9GT2;
				INFOPLIST_FILE = Listing10.6Tests/Info.plist;
				LD_RUNPATH_SEARCH_PATHS = (
					"$(inherited)",
					"@executable_path/Frameworks",
					"@loader_path/Frameworks",
				);
				PRODUCT_BUNDLE_IDENTIFIER = "com.Life.Listing10-6Tests";
				PRODUCT_NAME = "$(TARGET_NAME)";
				TARGETED_DEVICE_FAMILY = "1,2";
				TEST_HOST = "$(BUILT_PRODUCTS_DIR)/Listing10.6.app/Listing10.6";
			};
			name = Debug;
		};
		E03DFE3721704D76007985E4 /* Release */ = {
			isa = XCBuildConfiguration;
			buildSettings = {
				BUNDLE_LOADER = "$(TEST_HOST)";
				CODE_SIGN_STYLE = Automatic;
				DEVELOPMENT_TEAM = 7C2JFD9GT2;
				INFOPLIST_FILE = Listing10.6Tests/Info.plist;
				LD_RUNPATH_SEARCH_PATHS = (
					"$(inherited)",
					"@executable_path/Frameworks",
					"@loader_path/Frameworks",
				);
				PRODUCT_BUNDLE_IDENTIFIER = "com.Life.Listing10-6Tests";
				PRODUCT_NAME = "$(TARGET_NAME)";
				TARGETED_DEVICE_FAMILY = "1,2";
				TEST_HOST = "$(BUILT_PRODUCTS_DIR)/Listing10.6.app/Listing10.6";
			};
			name = Release;
		};
		E03DFE3921704D76007985E4 /* Debug */ = {
			isa = XCBuildConfiguration;
			buildSettings = {
				CODE_SIGN_STYLE = Automatic;
				DEVELOPMENT_TEAM = 7C2JFD9GT2;
				INFOPLIST_FILE = Listing10.6UITests/Info.plist;
				LD_RUNPATH_SEARCH_PATHS = (
					"$(inherited)",
					"@executable_path/Frameworks",
					"@loader_path/Frameworks",
				);
				PRODUCT_BUNDLE_IDENTIFIER = "com.Life.Listing10-6UITests";
				PRODUCT_NAME = "$(TARGET_NAME)";
				TARGETED_DEVICE_FAMILY = "1,2";
				TEST_TARGET_NAME = Listing10.6;
			};
			name = Debug;
		};
		E03DFE3A21704D76007985E4 /* Release */ = {
			isa = XCBuildConfiguration;
			buildSettings = {
				CODE_SIGN_STYLE = Automatic;
				DEVELOPMENT_TEAM = 7C2JFD9GT2;
				INFOPLIST_FILE = Listing10.6UITests/Info.plist;
				LD_RUNPATH_SEARCH_PATHS = (
					"$(inherited)",
					"@executable_path/Frameworks",
					"@loader_path/Frameworks",
				);
				PRODUCT_BUNDLE_IDENTIFIER = "com.Life.Listing10-6UITests";
				PRODUCT_NAME = "$(TARGET_NAME)";
				TARGETED_DEVICE_FAMILY = "1,2";
				TEST_TARGET_NAME = Listing10.6;
			};
			name = Release;
		};
/* End XCBuildConfiguration section */

/* Begin XCConfigurationList section */
		E03DFE0121704D74007985E4 /* Build configuration list for PBXProject "Listing10.6" */ = {
			isa = XCConfigurationList;
			buildConfigurations = (
				E03DFE3021704D76007985E4 /* Debug */,
				E03DFE3121704D76007985E4 /* Release */,
			);
			defaultConfigurationIsVisible = 0;
			defaultConfigurationName = Release;
		};
		E03DFE3221704D76007985E4 /* Build configuration list for PBXNativeTarget "Listing10.6" */ = {
			isa = XCConfigurationList;
			buildConfigurations = (
				E03DFE3321704D76007985E4 /* Debug */,
				E03DFE3421704D76007985E4 /* Release */,
			);
			defaultConfigurationIsVisible = 0;
			defaultConfigurationName = Release;
		};
		E03DFE3521704D76007985E4 /* Build configuration list for PBXNativeTarget "Listing10.6Tests" */ = {
			isa = XCConfigurationList;
			buildConfigurations = (
				E03DFE3621704D76007985E4 /* Debug */,
				E03DFE3721704D76007985E4 /* Release */,
			);
			defaultConfigurationIsVisible = 0;
			defaultConfigurationName = Release;
		};
		E03DFE3821704D76007985E4 /* Build configuration list for PBXNativeTarget "Listing10.6UITests" */ = {
			isa = XCConfigurationList;
			buildConfigurations = (
				E03DFE3921704D76007985E4 /* Debug */,
				E03DFE3A21704D76007985E4 /* Release */,
			);
			defaultConfigurationIsVisible = 0;
			defaultConfigurationName = Release;
		};
/* End XCConfigurationList section */
	};
	rootObject = E03DFDFE21704D74007985E4 /* Project object */;
}
